
Microsoft Visual Studio Solution File, Format Version 12.00
# Visual Studio 15
VisualStudioVersion = 15.0.26430.14
MinimumVisualStudioVersion = 10.0.40219.1
Project("{FAE04EC0-301F-11D3-BF4B-00C04F79EFBC}") = "vsgithub", "vsgithub\vsgithub.csproj", "{9E17A7E2-9474-4FED-B926-7437B0A6635B}"
EndProject
Global
	GlobalSection(SolutionConfigurationPlatforms) = preSolution
		Debug|Any CPU = Debug|Any CPU
		Release|Any CPU = Release|Any CPU
	EndGlobalSection
	GlobalSection(ProjectConfigurationPlatforms) = postSolution
		{9E17A7E2-9474-4FED-B926-7437B0A6635B}.Debug|Any CPU.ActiveCfg = Debug|Any CPU
		{9E17A7E2-9474-4FED-B926-7437B0A6635B}.Debug|Any CPU.Build.0 = Debug|Any CPU
		{9E17A7E2-9474-4FED-B926-7437B0A6635B}.Release|Any CPU.ActiveCfg = Release|Any CPU
		{9E17A7E2-9474-4FED-B926-7437B0A6635B}.Release|Any CPU.Build.0 = Release|Any CPU
	EndGlobalSection
	GlobalSection(SolutionProperties) = preSolution
		HideSolutionNode = FALSE
	EndGlobalSection
EndGlobal
